
Microsoft Visual Studio Solution File, Format Version 12.00
# Visual Studio 15
Project("{FAE04EC0-301F-11D3-BF4B-00C04F79EFBC}") = "App 2 JetPlane", "Assembly-CSharp.csproj", "{7B6A347B-0EA1-9F15-D478-8E1D878AC15B}"
EndProject
Project("{FAE04EC0-301F-11D3-BF4B-00C04F79EFBC}") = "App 2 JetPlane", "Assembly-CSharp-Editor.csproj", "{F6B4B9D4-1990-4DF0-DBA3-0965577CECFA}"
EndProject
Global
	GlobalSection(SolutionConfigurationPlatforms) = preSolution
		Debug|Any CPU = Debug|Any CPU
		Release|Any CPU = Release|Any CPU
	EndGlobalSection
	GlobalSection(ProjectConfigurationPlatforms) = postSolution
		{7B6A347B-0EA1-9F15-D478-8E1D878AC15B}.Debug|Any CPU.ActiveCfg = Debug|Any CPU
		{7B6A347B-0EA1-9F15-D478-8E1D878AC15B}.Debug|Any CPU.Build.0 = Debug|Any CPU
		{7B6A347B-0EA1-9F15-D478-8E1D878AC15B}.Release|Any CPU.ActiveCfg = Release|Any CPU
		{7B6A347B-0EA1-9F15-D478-8E1D878AC15B}.Release|Any CPU.Build.0 = Release|Any CPU
		{F6B4B9D4-1990-4DF0-DBA3-0965577CECFA}.Debug|Any CPU.ActiveCfg = Debug|Any CPU
		{F6B4B9D4-1990-4DF0-DBA3-0965577CECFA}.Debug|Any CPU.Build.0 = Debug|Any CPU
		{F6B4B9D4-1990-4DF0-DBA3-0965577CECFA}.Release|Any CPU.ActiveCfg = Release|Any CPU
		{F6B4B9D4-1990-4DF0-DBA3-0965577CECFA}.Release|Any CPU.Build.0 = Release|Any CPU
	EndGlobalSection
	GlobalSection(SolutionProperties) = preSolution
		HideSolutionNode = FALSE
	EndGlobalSection
EndGlobal
